PODS:
  - Appboy-iOS-SDK (4.4.1):
    - Appboy-iOS-SDK/UI (= 4.4.1)
  - Appboy-iOS-SDK/ContentCards (4.4.1):
    - Appboy-iOS-SDK/Core
    - SDWebImage (< 6, >= 5.8.2)
  - Appboy-iOS-SDK/Core (4.4.1)
  - Appboy-iOS-SDK/InAppMessage (4.4.1):
    - Appboy-iOS-SDK/Core
    - SDWebImage (< 6, >= 5.8.2)
  - Appboy-iOS-SDK/NewsFeed (4.4.1):
    - Appboy-iOS-SDK/Core
    - SDWebImage (< 6, >= 5.8.2)
  - Appboy-iOS-SDK/UI (4.4.1):
    - Appboy-iOS-SDK/ContentCards
    - Appboy-iOS-SDK/Core
    - Appboy-iOS-SDK/InAppMessage
    - Appboy-iOS-SDK/NewsFeed
  - Capacitor (3.3.3):
    - CapacitorCordova
  - CapacitorCordova (3.3.3)
  - SDWebImage (5.12.2):
    - SDWebImage/Core (= 5.12.2)
  - SDWebImage/Core (5.12.2)

DEPENDENCIES:
  - Appboy-iOS-SDK
  - "Capacitor (from `../node_modules/@capacitor/ios`)"
  - "CapacitorCordova (from `../node_modules/@capacitor/ios`)"

SPEC REPOS:
  trunk:
    - Appboy-iOS-SDK
    - SDWebImage

EXTERNAL SOURCES:
  Capacitor:
    :path: "../node_modules/@capacitor/ios"
  CapacitorCordova:
    :path: "../node_modules/@capacitor/ios"

SPEC CHECKSUMS:
  Appboy-iOS-SDK: 541a839e91a9176ca5c5431375b770a732f8da59
  Capacitor: 0b3475cfa2f6849a6d83ee14836a592a6ada3b28
  CapacitorCordova: ae44f9ca2af48db94caa11420148d8ed14e55217
  SDWebImage: 240e5c12b592fb1268c1d03b8c90d90e8c2ffe82

PODFILE CHECKSUM: 46b66aee3fecb4d1a88ad91af7fad19bd8bd1853

COCOAPODS: 1.11.2
